
Microsoft Visual Studio Solution File, Format Version 12.00
# Visual Studio 15
VisualStudioVersion = 15.0.27703.2042
MinimumVisualStudioVersion = 10.0.40219.1
Project("{FAE04EC0-301F-11D3-BF4B-00C04F79EFBC}") = "Sales.Android", "Sales\Sales.Android\Sales.Android.csproj", "{0620951B-923C-4B54-A3DB-905B6F408A4F}"
EndProject
Project("{FAE04EC0-301F-11D3-BF4B-00C04F79EFBC}") = "Sales.iOS", "Sales\Sales.iOS\Sales.iOS.csproj", "{38C7A222-9796-479A-B53B-D7DB8FC2E541}"
EndProject
Project("{FAE04EC0-301F-11D3-BF4B-00C04F79EFBC}") = "Sales.UWP", "Sales\Sales.UWP\Sales.UWP.csproj", "{D8ADC9F0-B27C-4DEF-8EF1-AA379C48288A}"
EndProject
Project("{FAE04EC0-301F-11D3-BF4B-00C04F79EFBC}") = "Sales", "Sales\Sales\Sales.csproj", "{78A7D73A-2DE9-4B12-A6FA-497808A05807}"
EndProject
Project("{FAE04EC0-301F-11D3-BF4B-00C04F79EFBC}") = "Sales.Backend", "Sales.Backend\Sales.Backend.csproj", "{5995DA52-92D7-48BE-8CD4-2559286BE270}"
EndProject
Project("{FAE04EC0-301F-11D3-BF4B-00C04F79EFBC}") = "Sales.Api", "Sales.Api\Sales.Api.csproj", "{FE864282-2409-4BB0-B9E2-FB86701BC739}"
EndProject
Project("{FAE04EC0-301F-11D3-BF4B-00C04F79EFBC}") = "Sales.Domain", "Sales.Domain\Sales.Domain.csproj", "{B0899943-1666-4382-AA76-3383C31B9885}"
EndProject
Project("{FAE04EC0-301F-11D3-BF4B-00C04F79EFBC}") = "Sales.Common", "Sales.Common\Sales.Common.csproj", "{BE958018-60E9-4DCF-A809-739B9DDCDF6C}"
EndProject
Global
	GlobalSection(SolutionConfigurationPlatforms) = preSolution
		Ad-Hoc|Any CPU = Ad-Hoc|Any CPU
		Ad-Hoc|ARM = Ad-Hoc|ARM
		Ad-Hoc|iPhone = Ad-Hoc|iPhone
		Ad-Hoc|iPhoneSimulator = Ad-Hoc|iPhoneSimulator
		Ad-Hoc|x64 = Ad-Hoc|x64
		Ad-Hoc|x86 = Ad-Hoc|x86
		AppStore|Any CPU = AppStore|Any CPU
		AppStore|ARM = AppStore|ARM
		AppStore|iPhone = AppStore|iPhone
		AppStore|iPhoneSimulator = AppStore|iPhoneSimulator
		AppStore|x64 = AppStore|x64
		AppStore|x86 = AppStore|x86
		Debug|Any CPU = Debug|Any CPU
		Debug|ARM = Debug|ARM
		Debug|iPhone = Debug|iPhone
		Debug|iPhoneSimulator = Debug|iPhoneSimulator
		Debug|x64 = Debug|x64
		Debug|x86 = Debug|x86
		Release|Any CPU = Release|Any CPU
		Release|ARM = Release|ARM
		Release|iPhone = Release|iPhone
		Release|iPhoneSimulator = Release|iPhoneSimulator
		Release|x64 = Release|x64
		Release|x86 = Release|x86
	EndGlobalSection
	GlobalSection(ProjectConfigurationPlatforms) = postSolution
		{0620951B-923C-4B54-A3DB-905B6F408A4F}.Ad-Hoc|Any CPU.ActiveCfg = Release|Any CPU
		{0620951B-923C-4B54-A3DB-905B6F408A4F}.Ad-Hoc|Any CPU.Build.0 = Release|Any CPU
		{0620951B-923C-4B54-A3DB-905B6F408A4F}.Ad-Hoc|Any CPU.Deploy.0 = Release|Any CPU
		{0620951B-923C-4B54-A3DB-905B6F408A4F}.Ad-Hoc|ARM.ActiveCfg = Release|Any CPU
		{0620951B-923C-4B54-A3DB-905B6F408A4F}.Ad-Hoc|ARM.Build.0 = Release|Any CPU
		{0620951B-923C-4B54-A3DB-905B6F408A4F}.Ad-Hoc|ARM.Deploy.0 = Release|Any CPU
		{0620951B-923C-4B54-A3DB-905B6F408A4F}.Ad-Hoc|iPhone.ActiveCfg = Release|Any CPU
		{0620951B-923C-4B54-A3DB-905B6F408A4F}.Ad-Hoc|iPhone.Build.0 = Release|Any CPU
		{0620951B-923C-4B54-A3DB-905B6F408A4F}.Ad-Hoc|iPhone.Deploy.0 = Release|Any CPU
		{0620951B-923C-4B54-A3DB-905B6F408A4F}.Ad-Hoc|iPhoneSimulator.ActiveCfg = Release|Any CPU
		{0620951B-923C-4B54-A3DB-905B6F408A4F}.Ad-Hoc|iPhoneSimulator.Build.0 = Release|Any CPU
		{0620951B-923C-4B54-A3DB-905B6F408A4F}.Ad-Hoc|iPhoneSimulator.Deploy.0 = Release|Any CPU
		{0620951B-923C-4B54-A3DB-905B6F408A4F}.Ad-Hoc|x64.ActiveCfg = Release|Any CPU
		{0620951B-923C-4B54-A3DB-905B6F408A4F}.Ad-Hoc|x64.Build.0 = Release|Any CPU
		{0620951B-923C-4B54-A3DB-905B6F408A4F}.Ad-Hoc|x64.Deploy.0 = Release|Any CPU
		{0620951B-923C-4B54-A3DB-905B6F408A4F}.Ad-Hoc|x86.ActiveCfg = Release|Any CPU
		{0620951B-923C-4B54-A3DB-905B6F408A4F}.Ad-Hoc|x86.Build.0 = Release|Any CPU
		{0620951B-923C-4B54-A3DB-905B6F408A4F}.Ad-Hoc|x86.Deploy.0 = Release|Any CPU
		{0620951B-923C-4B54-A3DB-905B6F408A4F}.AppStore|Any CPU.ActiveCfg = Release|Any CPU
		{0620951B-923C-4B54-A3DB-905B6F408A4F}.AppStore|Any CPU.Build.0 = Release|Any CPU
		{0620951B-923C-4B54-A3DB-905B6F408A4F}.AppStore|Any CPU.Deploy.0 = Release|Any CPU
		{0620951B-923C-4B54-A3DB-905B6F408A4F}.AppStore|ARM.ActiveCfg = Release|Any CPU
		{0620951B-923C-4B54-A3DB-905B6F408A4F}.AppStore|ARM.Build.0 = Release|Any CPU
		{0620951B-923C-4B54-A3DB-905B6F408A4F}.AppStore|ARM.Deploy.0 = Release|Any CPU
		{0620951B-923C-4B54-A3DB-905B6F408A4F}.AppStore|iPhone.ActiveCfg = Release|Any CPU
		{0620951B-923C-4B54-A3DB-905B6F408A4F}.AppStore|iPhone.Build.0 = Release|Any CPU
		{0620951B-923C-4B54-A3DB-905B6F408A4F}.AppStore|iPhone.Deploy.0 = Release|Any CPU
		{0620951B-923C-4B54-A3DB-905B6F408A4F}.AppStore|iPhoneSimulator.ActiveCfg = Release|Any CPU
		{0620951B-923C-4B54-A3DB-905B6F408A4F}.AppStore|iPhoneSimulator.Build.0 = Release|Any CPU
		{0620951B-923C-4B54-A3DB-905B6F408A4F}.AppStore|iPhoneSimulator.Deploy.0 = Release|Any CPU
		{0620951B-923C-4B54-A3DB-905B6F408A4F}.AppStore|x64.ActiveCfg = Release|Any CPU
		{0620951B-923C-4B54-A3DB-905B6F408A4F}.AppStore|x64.Build.0 = Release|Any CPU
		{0620951B-923C-4B54-A3DB-905B6F408A4F}.AppStore|x64.Deploy.0 = Release|Any CPU
		{0620951B-923C-4B54-A3DB-905B6F408A4F}.AppStore|x86.ActiveCfg = Release|Any CPU
		{0620951B-923C-4B54-A3DB-905B6F408A4F}.AppStore|x86.Build.0 = Release|Any CPU
		{0620951B-923C-4B54-A3DB-905B6F408A4F}.AppStore|x86.Deploy.0 = Release|Any CPU
		{0620951B-923C-4B54-A3DB-905B6F408A4F}.Debug|Any CPU.ActiveCfg = Debug|Any CPU
		{0620951B-923C-4B54-A3DB-905B6F408A4F}.Debug|Any CPU.Build.0 = Debug|Any CPU
		{0620951B-923C-4B54-A3DB-905B6F408A4F}.Debug|Any CPU.Deploy.0 = Debug|Any CPU
		{0620951B-923C-4B54-A3DB-905B6F408A4F}.Debug|ARM.ActiveCfg = Debug|Any CPU
		{0620951B-923C-4B54-A3DB-905B6F408A4F}.Debug|ARM.Build.0 = Debug|Any CPU
		{0620951B-923C-4B54-A3DB-905B6F408A4F}.Debug|ARM.Deploy.0 = Debug|Any CPU
		{0620951B-923C-4B54-A3DB-905B6F408A4F}.Debug|iPhone.ActiveCfg = Debug|Any CPU
		{0620951B-923C-4B54-A3DB-905B6F408A4F}.Debug|iPhone.Build.0 = Debug|Any CPU
		{0620951B-923C-4B54-A3DB-905B6F408A4F}.Debug|iPhone.Deploy.0 = Debug|Any CPU
		{0620951B-923C-4B54-A3DB-905B6F408A4F}.Debug|iPhoneSimulator.ActiveCfg = Debug|Any CPU
		{0620951B-923C-4B54-A3DB-905B6F408A4F}.Debug|iPhoneSimulator.Build.0 = Debug|Any CPU
		{0620951B-923C-4B54-A3DB-905B6F408A4F}.Debug|iPhoneSimulator.Deploy.0 = Debug|Any CPU
		{0620951B-923C-4B54-A3DB-905B6F408A4F}.Debug|x64.ActiveCfg = Debug|Any CPU
		{0620951B-923C-4B54-A3DB-905B6F408A4F}.Debug|x64.Build.0 = Debug|Any CPU
		{0620951B-923C-4B54-A3DB-905B6F408A4F}.Debug|x64.Deploy.0 = Debug|Any CPU
		{0620951B-923C-4B54-A3DB-905B6F408A4F}.Debug|x86.ActiveCfg = Debug|Any CPU
		{0620951B-923C-4B54-A3DB-905B6F408A4F}.Debug|x86.Build.0 = Debug|Any CPU
		{0620951B-923C-4B54-A3DB-905B6F408A4F}.Debug|x86.Deploy.0 = Debug|Any CPU
		{0620951B-923C-4B54-A3DB-905B6F408A4F}.Release|Any CPU.ActiveCfg = Release|Any CPU
		{0620951B-923C-4B54-A3DB-905B6F408A4F}.Release|Any CPU.Build.0 = Release|Any CPU
		{0620951B-923C-4B54-A3DB-905B6F408A4F}.Release|Any CPU.Deploy.0 = Release|Any CPU
		{0620951B-923C-4B54-A3DB-905B6F408A4F}.Release|ARM.ActiveCfg = Release|Any CPU
		{0620951B-923C-4B54-A3DB-905B6F408A4F}.Release|ARM.Build.0 = Release|Any CPU
		{0620951B-923C-4B54-A3DB-905B6F408A4F}.Release|ARM.Deploy.0 = Release|Any CPU
		{0620951B-923C-4B54-A3DB-905B6F408A4F}.Release|iPhone.ActiveCfg = Release|Any CPU
		{0620951B-923C-4B54-A3DB-905B6F408A4F}.Release|iPhone.Build.0 = Release|Any CPU
		{0620951B-923C-4B54-A3DB-905B6F408A4F}.Release|iPhone.Deploy.0 = Release|Any CPU
		{0620951B-923C-4B54-A3DB-905B6F408A4F}.Release|iPhoneSimulator.ActiveCfg = Release|Any CPU
		{0620951B-923C-4B54-A3DB-905B6F408A4F}.Release|iPhoneSimulator.Build.0 = Release|Any CPU
		{0620951B-923C-4B54-A3DB-905B6F408A4F}.Release|iPhoneSimulator.Deploy.0 = Release|Any CPU
		{0620951B-923C-4B54-A3DB-905B6F408A4F}.Release|x64.ActiveCfg = Release|Any CPU
		{0620951B-923C-4B54-A3DB-905B6F408A4F}.Release|x64.Build.0 = Release|Any CPU
		{0620951B-923C-4B54-A3DB-905B6F408A4F}.Release|x64.Deploy.0 = Release|Any CPU
		{0620951B-923C-4B54-A3DB-905B6F408A4F}.Release|x86.ActiveCfg = Release|Any CPU
		{0620951B-923C-4B54-A3DB-905B6F408A4F}.Release|x86.Build.0 = Release|Any CPU
		{0620951B-923C-4B54-A3DB-905B6F408A4F}.Release|x86.Deploy.0 = Release|Any CPU
		{38C7A222-9796-479A-B53B-D7DB8FC2E541}.Ad-Hoc|Any CPU.ActiveCfg = Ad-Hoc|iPhone
		{38C7A222-9796-479A-B53B-D7DB8FC2E541}.Ad-Hoc|Any CPU.Build.0 = Ad-Hoc|iPhone
		{38C7A222-9796-479A-B53B-D7DB8FC2E541}.Ad-Hoc|Any CPU.Deploy.0 = Ad-Hoc|iPhone
		{38C7A222-9796-479A-B53B-D7DB8FC2E541}.Ad-Hoc|ARM.ActiveCfg = Ad-Hoc|iPhone
		{38C7A222-9796-479A-B53B-D7DB8FC2E541}.Ad-Hoc|ARM.Build.0 = Ad-Hoc|iPhone
		{38C7A222-9796-479A-B53B-D7DB8FC2E541}.Ad-Hoc|ARM.Deploy.0 = Ad-Hoc|iPhone
		{38C7A222-9796-479A-B53B-D7DB8FC2E541}.Ad-Hoc|iPhone.ActiveCfg = Ad-Hoc|iPhone
		{38C7A222-9796-479A-B53B-D7DB8FC2E541}.Ad-Hoc|iPhone.Build.0 = Ad-Hoc|iPhone
		{38C7A222-9796-479A-B53B-D7DB8FC2E541}.Ad-Hoc|iPhone.Deploy.0 = Ad-Hoc|iPhone
		{38C7A222-9796-479A-B53B-D7DB8FC2E541}.Ad-Hoc|iPhoneSimulator.ActiveCfg = Ad-Hoc|iPhoneSimulator
		{38C7A222-9796-479A-B53B-D7DB8FC2E541}.Ad-Hoc|iPhoneSimulator.Build.0 = Ad-Hoc|iPhoneSimulator
		{38C7A222-9796-479A-B53B-D7DB8FC2E541}.Ad-Hoc|iPhoneSimulator.Deploy.0 = Ad-Hoc|iPhoneSimulator
		{38C7A222-9796-479A-B53B-D7DB8FC2E541}.Ad-Hoc|x64.ActiveCfg = Ad-Hoc|iPhone
		{38C7A222-9796-479A-B53B-D7DB8FC2E541}.Ad-Hoc|x64.Build.0 = Ad-Hoc|iPhone
		{38C7A222-9796-479A-B53B-D7DB8FC2E541}.Ad-Hoc|x64.Deploy.0 = Ad-Hoc|iPhone
		{38C7A222-9796-479A-B53B-D7DB8FC2E541}.Ad-Hoc|x86.ActiveCfg = Ad-Hoc|iPhone
		{38C7A222-9796-479A-B53B-D7DB8FC2E541}.Ad-Hoc|x86.Build.0 = Ad-Hoc|iPhone
		{38C7A222-9796-479A-B53B-D7DB8FC2E541}.Ad-Hoc|x86.Deploy.0 = Ad-Hoc|iPhone
		{38C7A222-9796-479A-B53B-D7DB8FC2E541}.AppStore|Any CPU.ActiveCfg = AppStore|iPhone
		{38C7A222-9796-479A-B53B-D7DB8FC2E541}.AppStore|Any CPU.Build.0 = AppStore|iPhone
		{38C7A222-9796-479A-B53B-D7DB8FC2E541}.AppStore|Any CPU.Deploy.0 = AppStore|iPhone
		{38C7A222-9796-479A-B53B-D7DB8FC2E541}.AppStore|ARM.ActiveCfg = AppStore|iPhone
		{38C7A222-9796-479A-B53B-D7DB8FC2E541}.AppStore|ARM.Build.0 = AppStore|iPhone
		{38C7A222-9796-479A-B53B-D7DB8FC2E541}.AppStore|ARM.Deploy.0 = AppStore|iPhone
		{38C7A222-9796-479A-B53B-D7DB8FC2E541}.AppStore|iPhone.ActiveCfg = AppStore|iPhone
		{38C7A222-9796-479A-B53B-D7DB8FC2E541}.AppStore|iPhone.Build.0 = AppStore|iPhone
		{38C7A222-9796-479A-B53B-D7DB8FC2E541}.AppStore|iPhone.Deploy.0 = AppStore|iPhone
		{38C7A222-9796-479A-B53B-D7DB8FC2E541}.AppStore|iPhoneSimulator.ActiveCfg = AppStore|iPhoneSimulator
		{38C7A222-9796-479A-B53B-D7DB8FC2E541}.AppStore|iPhoneSimulator.Build.0 = AppStore|iPhoneSimulator
		{38C7A222-9796-479A-B53B-D7DB8FC2E541}.AppStore|iPhoneSimulator.Deploy.0 = AppStore|iPhoneSimulator
		{38C7A222-9796-479A-B53B-D7DB8FC2E541}.AppStore|x64.ActiveCfg = AppStore|iPhone
		{38C7A222-9796-479A-B53B-D7DB8FC2E541}.AppStore|x64.Build.0 = AppStore|iPhone
		{38C7A222-9796-479A-B53B-D7DB8FC2E541}.AppStore|x64.Deploy.0 = AppStore|iPhone
		{38C7A222-9796-479A-B53B-D7DB8FC2E541}.AppStore|x86.ActiveCfg = AppStore|iPhone
		{38C7A222-9796-479A-B53B-D7DB8FC2E541}.AppStore|x86.Build.0 = AppStore|iPhone
		{38C7A222-9796-479A-B53B-D7DB8FC2E541}.AppStore|x86.Deploy.0 = AppStore|iPhone
		{38C7A222-9796-479A-B53B-D7DB8FC2E541}.Debug|Any CPU.ActiveCfg = Debug|iPhoneSimulator
		{38C7A222-9796-479A-B53B-D7DB8FC2E541}.Debug|Any CPU.Build.0 = Debug|iPhoneSimulator
		{38C7A222-9796-479A-B53B-D7DB8FC2E541}.Debug|Any CPU.Deploy.0 = Debug|iPhoneSimulator
		{38C7A222-9796-479A-B53B-D7DB8FC2E541}.Debug|ARM.ActiveCfg = Debug|iPhone
		{38C7A222-9796-479A-B53B-D7DB8FC2E541}.Debug|ARM.Build.0 = Debug|iPhone
		{38C7A222-9796-479A-B53B-D7DB8FC2E541}.Debug|ARM.Deploy.0 = Debug|iPhone
		{38C7A222-9796-479A-B53B-D7DB8FC2E541}.Debug|iPhone.ActiveCfg = Debug|iPhone
		{38C7A222-9796-479A-B53B-D7DB8FC2E541}.Debug|iPhone.Build.0 = Debug|iPhone
		{38C7A222-9796-479A-B53B-D7DB8FC2E541}.Debug|iPhone.Deploy.0 = Debug|iPhone
		{38C7A222-9796-479A-B53B-D7DB8FC2E541}.Debug|iPhoneSimulator.ActiveCfg = Debug|iPhoneSimulator
		{38C7A222-9796-479A-B53B-D7DB8FC2E541}.Debug|iPhoneSimulator.Build.0 = Debug|iPhoneSimulator
		{38C7A222-9796-479A-B53B-D7DB8FC2E541}.Debug|iPhoneSimulator.Deploy.0 = Debug|iPhoneSimulator
		{38C7A222-9796-479A-B53B-D7DB8FC2E541}.Debug|x64.ActiveCfg = Debug|iPhone
		{38C7A222-9796-479A-B53B-D7DB8FC2E541}.Debug|x64.Build.0 = Debug|iPhone
		{38C7A222-9796-479A-B53B-D7DB8FC2E541}.Debug|x64.Deploy.0 = Debug|iPhone
		{38C7A222-9796-479A-B53B-D7DB8FC2E541}.Debug|x86.ActiveCfg = Debug|iPhone
		{38C7A222-9796-479A-B53B-D7DB8FC2E541}.Debug|x86.Build.0 = Debug|iPhone
		{38C7A222-9796-479A-B53B-D7DB8FC2E541}.Debug|x86.Deploy.0 = Debug|iPhone
		{38C7A222-9796-479A-B53B-D7DB8FC2E541}.Release|Any CPU.ActiveCfg = Release|iPhone
		{38C7A222-9796-479A-B53B-D7DB8FC2E541}.Release|Any CPU.Build.0 = Release|iPhone
		{38C7A222-9796-479A-B53B-D7DB8FC2E541}.Release|Any CPU.Deploy.0 = Release|iPhone
		{38C7A222-9796-479A-B53B-D7DB8FC2E541}.Release|ARM.ActiveCfg = Release|iPhone
		{38C7A222-9796-479A-B53B-D7DB8FC2E541}.Release|ARM.Build.0 = Release|iPhone
		{38C7A222-9796-479A-B53B-D7DB8FC2E541}.Release|ARM.Deploy.0 = Release|iPhone
		{38C7A222-9796-479A-B53B-D7DB8FC2E541}.Release|iPhone.ActiveCfg = Release|iPhone
		{38C7A222-9796-479A-B53B-D7DB8FC2E541}.Release|iPhone.Build.0 = Release|iPhone
		{38C7A222-9796-479A-B53B-D7DB8FC2E541}.Release|iPhone.Deploy.0 = Release|iPhone
		{38C7A222-9796-479A-B53B-D7DB8FC2E541}.Release|iPhoneSimulator.ActiveCfg = Release|iPhoneSimulator
		{38C7A222-9796-479A-B53B-D7DB8FC2E541}.Release|iPhoneSimulator.Build.0 = Release|iPhoneSimulator
		{38C7A222-9796-479A-B53B-D7DB8FC2E541}.Release|iPhoneSimulator.Deploy.0 = Release|iPhoneSimulator
		{38C7A222-9796-479A-B53B-D7DB8FC2E541}.Release|x64.ActiveCfg = Release|iPhone
		{38C7A222-9796-479A-B53B-D7DB8FC2E541}.Release|x64.Build.0 = Release|iPhone
		{38C7A222-9796-479A-B53B-D7DB8FC2E541}.Release|x64.Deploy.0 = Release|iPhone
		{38C7A222-9796-479A-B53B-D7DB8FC2E541}.Release|x86.ActiveCfg = Release|iPhone
		{38C7A222-9796-479A-B53B-D7DB8FC2E541}.Release|x86.Build.0 = Release|iPhone
		{38C7A222-9796-479A-B53B-D7DB8FC2E541}.Release|x86.Deploy.0 = Release|iPhone
		{D8ADC9F0-B27C-4DEF-8EF1-AA379C48288A}.Ad-Hoc|Any CPU.ActiveCfg = Release|x86
		{D8ADC9F0-B27C-4DEF-8EF1-AA379C48288A}.Ad-Hoc|Any CPU.Build.0 = Release|x86
		{D8ADC9F0-B27C-4DEF-8EF1-AA379C48288A}.Ad-Hoc|Any CPU.Deploy.0 = Release|x86
		{D8ADC9F0-B27C-4DEF-8EF1-AA379C48288A}.Ad-Hoc|ARM.ActiveCfg = Release|ARM
		{D8ADC9F0-B27C-4DEF-8EF1-AA379C48288A}.Ad-Hoc|ARM.Build.0 = Release|ARM
		{D8ADC9F0-B27C-4DEF-8EF1-AA379C48288A}.Ad-Hoc|ARM.Deploy.0 = Release|ARM
		{D8ADC9F0-B27C-4DEF-8EF1-AA379C48288A}.Ad-Hoc|iPhone.ActiveCfg = Release|x86
		{D8ADC9F0-B27C-4DEF-8EF1-AA379C48288A}.Ad-Hoc|iPhone.Build.0 = Release|x86
		{D8ADC9F0-B27C-4DEF-8EF1-AA379C48288A}.Ad-Hoc|iPhone.Deploy.0 = Release|x86
		{D8ADC9F0-B27C-4DEF-8EF1-AA379C48288A}.Ad-Hoc|iPhoneSimulator.ActiveCfg = Release|x86
		{D8ADC9F0-B27C-4DEF-8EF1-AA379C48288A}.Ad-Hoc|iPhoneSimulator.Build.0 = Release|x86
		{D8ADC9F0-B27C-4DEF-8EF1-AA379C48288A}.Ad-Hoc|iPhoneSimulator.Deploy.0 = Release|x86
		{D8ADC9F0-B27C-4DEF-8EF1-AA379C48288A}.Ad-Hoc|x64.ActiveCfg = Release|x64
		{D8ADC9F0-B27C-4DEF-8EF1-AA379C48288A}.Ad-Hoc|x64.Build.0 = Release|x64
		{D8ADC9F0-B27C-4DEF-8EF1-AA379C48288A}.Ad-Hoc|x64.Deploy.0 = Release|x64
		{D8ADC9F0-B27C-4DEF-8EF1-AA379C48288A}.Ad-Hoc|x86.ActiveCfg = Release|x86
		{D8ADC9F0-B27C-4DEF-8EF1-AA379C48288A}.Ad-Hoc|x86.Build.0 = Release|x86
		{D8ADC9F0-B27C-4DEF-8EF1-AA379C48288A}.Ad-Hoc|x86.Deploy.0 = Release|x86
		{D8ADC9F0-B27C-4DEF-8EF1-AA379C48288A}.AppStore|Any CPU.ActiveCfg = Release|x86
		{D8ADC9F0-B27C-4DEF-8EF1-AA379C48288A}.AppStore|Any CPU.Build.0 = Release|x86
		{D8ADC9F0-B27C-4DEF-8EF1-AA379C48288A}.AppStore|Any CPU.Deploy.0 = Release|x86
		{D8ADC9F0-B27C-4DEF-8EF1-AA379C48288A}.AppStore|ARM.ActiveCfg = Release|ARM
		{D8ADC9F0-B27C-4DEF-8EF1-AA379C48288A}.AppStore|ARM.Build.0 = Release|ARM
		{D8ADC9F0-B27C-4DEF-8EF1-AA379C48288A}.AppStore|ARM.Deploy.0 = Release|ARM
		{D8ADC9F0-B27C-4DEF-8EF1-AA379C48288A}.AppStore|iPhone.ActiveCfg = Release|x86
		{D8ADC9F0-B27C-4DEF-8EF1-AA379C48288A}.AppStore|iPhone.Build.0 = Release|x86
		{D8ADC9F0-B27C-4DEF-8EF1-AA379C48288A}.AppStore|iPhone.Deploy.0 = Release|x86
		{D8ADC9F0-B27C-4DEF-8EF1-AA379C48288A}.AppStore|iPhoneSimulator.ActiveCfg = Release|x86
		{D8ADC9F0-B27C-4DEF-8EF1-AA379C48288A}.AppStore|iPhoneSimulator.Build.0 = Release|x86
		{D8ADC9F0-B27C-4DEF-8EF1-AA379C48288A}.AppStore|iPhoneSimulator.Deploy.0 = Release|x86
		{D8ADC9F0-B27C-4DEF-8EF1-AA379C48288A}.AppStore|x64.ActiveCfg = Release|x64
		{D8ADC9F0-B27C-4DEF-8EF1-AA379C48288A}.AppStore|x64.Build.0 = Release|x64
		{D8ADC9F0-B27C-4DEF-8EF1-AA379C48288A}.AppStore|x64.Deploy.0 = Release|x64
		{D8ADC9F0-B27C-4DEF-8EF1-AA379C48288A}.AppStore|x86.ActiveCfg = Release|x86
		{D8ADC9F0-B27C-4DEF-8EF1-AA379C48288A}.AppStore|x86.Build.0 = Release|x86
		{D8ADC9F0-B27C-4DEF-8EF1-AA379C48288A}.AppStore|x86.Deploy.0 = Release|x86
		{D8ADC9F0-B27C-4DEF-8EF1-AA379C48288A}.Debug|Any CPU.ActiveCfg = Debug|x86
		{D8ADC9F0-B27C-4DEF-8EF1-AA379C48288A}.Debug|Any CPU.Build.0 = Debug|x86
		{D8ADC9F0-B27C-4DEF-8EF1-AA379C48288A}.Debug|Any CPU.Deploy.0 = Debug|x86
		{D8ADC9F0-B27C-4DEF-8EF1-AA379C48288A}.Debug|ARM.ActiveCfg = Debug|ARM
		{D8ADC9F0-B27C-4DEF-8EF1-AA379C48288A}.Debug|ARM.Build.0 = Debug|ARM
		{D8ADC9F0-B27C-4DEF-8EF1-AA379C48288A}.Debug|ARM.Deploy.0 = Debug|ARM
		{D8ADC9F0-B27C-4DEF-8EF1-AA379C48288A}.Debug|iPhone.ActiveCfg = Debug|x86
		{D8ADC9F0-B27C-4DEF-8EF1-AA379C48288A}.Debug|iPhone.Build.0 = Debug|x86
		{D8ADC9F0-B27C-4DEF-8EF1-AA379C48288A}.Debug|iPhone.Deploy.0 = Debug|x86
		{D8ADC9F0-B27C-4DEF-8EF1-AA379C48288A}.Debug|iPhoneSimulator.ActiveCfg = Debug|x86
		{D8ADC9F0-B27C-4DEF-8EF1-AA379C48288A}.Debug|iPhoneSimulator.Build.0 = Debug|x86
		{D8ADC9F0-B27C-4DEF-8EF1-AA379C48288A}.Debug|iPhoneSimulator.Deploy.0 = Debug|x86
		{D8ADC9F0-B27C-4DEF-8EF1-AA379C48288A}.Debug|x64.ActiveCfg = Debug|x64
		{D8ADC9F0-B27C-4DEF-8EF1-AA379C48288A}.Debug|x64.Build.0 = Debug|x64
		{D8ADC9F0-B27C-4DEF-8EF1-AA379C48288A}.Debug|x64.Deploy.0 = Debug|x64
		{D8ADC9F0-B27C-4DEF-8EF1-AA379C48288A}.Debug|x86.ActiveCfg = Debug|x86
		{D8ADC9F0-B27C-4DEF-8EF1-AA379C48288A}.Debug|x86.Build.0 = Debug|x86
		{D8ADC9F0-B27C-4DEF-8EF1-AA379C48288A}.Debug|x86.Deploy.0 = Debug|x86
		{D8ADC9F0-B27C-4DEF-8EF1-AA379C48288A}.Release|Any CPU.ActiveCfg = Release|x86
		{D8ADC9F0-B27C-4DEF-8EF1-AA379C48288A}.Release|Any CPU.Build.0 = Release|x86
		{D8ADC9F0-B27C-4DEF-8EF1-AA379C48288A}.Release|Any CPU.Deploy.0 = Release|x86
		{D8ADC9F0-B27C-4DEF-8EF1-AA379C48288A}.Release|ARM.ActiveCfg = Release|ARM
		{D8ADC9F0-B27C-4DEF-8EF1-AA379C48288A}.Release|ARM.Build.0 = Release|ARM
		{D8ADC9F0-B27C-4DEF-8EF1-AA379C48288A}.Release|ARM.Deploy.0 = Release|ARM
		{D8ADC9F0-B27C-4DEF-8EF1-AA379C48288A}.Release|iPhone.ActiveCfg = Release|x86
		{D8ADC9F0-B27C-4DEF-8EF1-AA379C48288A}.Release|iPhone.Build.0 = Release|x86
		{D8ADC9F0-B27C-4DEF-8EF1-AA379C48288A}.Release|iPhone.Deploy.0 = Release|x86
		{D8ADC9F0-B27C-4DEF-8EF1-AA379C48288A}.Release|iPhoneSimulator.ActiveCfg = Release|x86
		{D8ADC9F0-B27C-4DEF-8EF1-AA379C48288A}.Release|iPhoneSimulator.Build.0 = Release|x86
		{D8ADC9F0-B27C-4DEF-8EF1-AA379C48288A}.Release|iPhoneSimulator.Deploy.0 = Release|x86
		{D8ADC9F0-B27C-4DEF-8EF1-AA379C48288A}.Release|x64.ActiveCfg = Release|x64
		{D8ADC9F0-B27C-4DEF-8EF1-AA379C48288A}.Release|x64.Build.0 = Release|x64
		{D8ADC9F0-B27C-4DEF-8EF1-AA379C48288A}.Release|x64.Deploy.0 = Release|x64
		{D8ADC9F0-B27C-4DEF-8EF1-AA379C48288A}.Release|x86.ActiveCfg = Release|x86
		{D8ADC9F0-B27C-4DEF-8EF1-AA379C48288A}.Release|x86.Build.0 = Release|x86
		{D8ADC9F0-B27C-4DEF-8EF1-AA379C48288A}.Release|x86.Deploy.0 = Release|x86
		{78A7D73A-2DE9-4B12-A6FA-497808A05807}.Ad-Hoc|Any CPU.ActiveCfg = Debug|Any CPU
		{78A7D73A-2DE9-4B12-A6FA-497808A05807}.Ad-Hoc|Any CPU.Build.0 = Debug|Any CPU
		{78A7D73A-2DE9-4B12-A6FA-497808A05807}.Ad-Hoc|Any CPU.Deploy.0 = Debug|Any CPU
		{78A7D73A-2DE9-4B12-A6FA-497808A05807}.Ad-Hoc|ARM.ActiveCfg = Debug|Any CPU
		{78A7D73A-2DE9-4B12-A6FA-497808A05807}.Ad-Hoc|ARM.Build.0 = Debug|Any CPU
		{78A7D73A-2DE9-4B12-A6FA-497808A05807}.Ad-Hoc|ARM.Deploy.0 = Debug|Any CPU
		{78A7D73A-2DE9-4B12-A6FA-497808A05807}.Ad-Hoc|iPhone.ActiveCfg = Debug|Any CPU
		{78A7D73A-2DE9-4B12-A6FA-497808A05807}.Ad-Hoc|iPhone.Build.0 = Debug|Any CPU
		{78A7D73A-2DE9-4B12-A6FA-497808A05807}.Ad-Hoc|iPhone.Deploy.0 = Debug|Any CPU
		{78A7D73A-2DE9-4B12-A6FA-497808A05807}.Ad-Hoc|iPhoneSimulator.ActiveCfg = Debug|Any CPU
		{78A7D73A-2DE9-4B12-A6FA-497808A05807}.Ad-Hoc|iPhoneSimulator.Build.0 = Debug|Any CPU
		{78A7D73A-2DE9-4B12-A6FA-497808A05807}.Ad-Hoc|iPhoneSimulator.Deploy.0 = Debug|Any CPU
		{78A7D73A-2DE9-4B12-A6FA-497808A05807}.Ad-Hoc|x64.ActiveCfg = Debug|Any CPU
		{78A7D73A-2DE9-4B12-A6FA-497808A05807}.Ad-Hoc|x64.Build.0 = Debug|Any CPU
		{78A7D73A-2DE9-4B12-A6FA-497808A05807}.Ad-Hoc|x64.Deploy.0 = Debug|Any CPU
		{78A7D73A-2DE9-4B12-A6FA-497808A05807}.Ad-Hoc|x86.ActiveCfg = Debug|Any CPU
		{78A7D73A-2DE9-4B12-A6FA-497808A05807}.Ad-Hoc|x86.Build.0 = Debug|Any CPU
		{78A7D73A-2DE9-4B12-A6FA-497808A05807}.Ad-Hoc|x86.Deploy.0 = Debug|Any CPU
		{78A7D73A-2DE9-4B12-A6FA-497808A05807}.AppStore|Any CPU.ActiveCfg = Debug|Any CPU
		{78A7D73A-2DE9-4B12-A6FA-497808A05807}.AppStore|Any CPU.Build.0 = Debug|Any CPU
		{78A7D73A-2DE9-4B12-A6FA-497808A05807}.AppStore|Any CPU.Deploy.0 = Debug|Any CPU
		{78A7D73A-2DE9-4B12-A6FA-497808A05807}.AppStore|ARM.ActiveCfg = Debug|Any CPU
		{78A7D73A-2DE9-4B12-A6FA-497808A05807}.AppStore|ARM.Build.0 = Debug|Any CPU
		{78A7D73A-2DE9-4B12-A6FA-497808A05807}.AppStore|ARM.Deploy.0 = Debug|Any CPU
		{78A7D73A-2DE9-4B12-A6FA-497808A05807}.AppStore|iPhone.ActiveCfg = Debug|Any CPU
		{78A7D73A-2DE9-4B12-A6FA-497808A05807}.AppStore|iPhone.Build.0 = Debug|Any CPU
		{78A7D73A-2DE9-4B12-A6FA-497808A05807}.AppStore|iPhone.Deploy.0 = Debug|Any CPU
		{78A7D73A-2DE9-4B12-A6FA-497808A05807}.AppStore|iPhoneSimulator.ActiveCfg = Debug|Any CPU
		{78A7D73A-2DE9-4B12-A6FA-497808A05807}.AppStore|iPhoneSimulator.Build.0 = Debug|Any CPU
		{78A7D73A-2DE9-4B12-A6FA-497808A05807}.AppStore|iPhoneSimulator.Deploy.0 = Debug|Any CPU
		{78A7D73A-2DE9-4B12-A6FA-497808A05807}.AppStore|x64.ActiveCfg = Debug|Any CPU
		{78A7D73A-2DE9-4B12-A6FA-497808A05807}.AppStore|x64.Build.0 = Debug|Any CPU
		{78A7D73A-2DE9-4B12-A6FA-497808A05807}.AppStore|x64.Deploy.0 = Debug|Any CPU
		{78A7D73A-2DE9-4B12-A6FA-497808A05807}.AppStore|x86.ActiveCfg = Debug|Any CPU
		{78A7D73A-2DE9-4B12-A6FA-497808A05807}.AppStore|x86.Build.0 = Debug|Any CPU
		{78A7D73A-2DE9-4B12-A6FA-497808A05807}.AppStore|x86.Deploy.0 = Debug|Any CPU
		{78A7D73A-2DE9-4B12-A6FA-497808A05807}.Debug|Any CPU.ActiveCfg = Debug|Any CPU
		{78A7D73A-2DE9-4B12-A6FA-497808A05807}.Debug|Any CPU.Build.0 = Debug|Any CPU
		{78A7D73A-2DE9-4B12-A6FA-497808A05807}.Debug|Any CPU.Deploy.0 = Debug|Any CPU
		{78A7D73A-2DE9-4B12-A6FA-497808A05807}.Debug|ARM.ActiveCfg = Debug|Any CPU
		{78A7D73A-2DE9-4B12-A6FA-497808A05807}.Debug|ARM.Build.0 = Debug|Any CPU
		{78A7D73A-2DE9-4B12-A6FA-497808A05807}.Debug|ARM.Deploy.0 = Debug|Any CPU
		{78A7D73A-2DE9-4B12-A6FA-497808A05807}.Debug|iPhone.ActiveCfg = Debug|Any CPU
		{78A7D73A-2DE9-4B12-A6FA-497808A05807}.Debug|iPhone.Build.0 = Debug|Any CPU
		{78A7D73A-2DE9-4B12-A6FA-497808A05807}.Debug|iPhone.Deploy.0 = Debug|Any CPU
		{78A7D73A-2DE9-4B12-A6FA-497808A05807}.Debug|iPhoneSimulator.ActiveCfg = Debug|Any CPU
		{78A7D73A-2DE9-4B12-A6FA-497808A05807}.Debug|iPhoneSimulator.Build.0 = Debug|Any CPU
		{78A7D73A-2DE9-4B12-A6FA-497808A05807}.Debug|iPhoneSimulator.Deploy.0 = Debug|Any CPU
		{78A7D73A-2DE9-4B12-A6FA-497808A05807}.Debug|x64.ActiveCfg = Debug|Any CPU
		{78A7D73A-2DE9-4B12-A6FA-497808A05807}.Debug|x64.Build.0 = Debug|Any CPU
		{78A7D73A-2DE9-4B12-A6FA-497808A05807}.Debug|x64.Deploy.0 = Debug|Any CPU
		{78A7D73A-2DE9-4B12-A6FA-497808A05807}.Debug|x86.ActiveCfg = Debug|Any CPU
		{78A7D73A-2DE9-4B12-A6FA-497808A05807}.Debug|x86.Build.0 = Debug|Any CPU
		{78A7D73A-2DE9-4B12-A6FA-497808A05807}.Debug|x86.Deploy.0 = Debug|Any CPU
		{78A7D73A-2DE9-4B12-A6FA-497808A05807}.Release|Any CPU.ActiveCfg = Release|Any CPU
		{78A7D73A-2DE9-4B12-A6FA-497808A05807}.Release|Any CPU.Build.0 = Release|Any CPU
		{78A7D73A-2DE9-4B12-A6FA-497808A05807}.Release|Any CPU.Deploy.0 = Release|Any CPU
		{78A7D73A-2DE9-4B12-A6FA-497808A05807}.Release|ARM.ActiveCfg = Release|Any CPU
		{78A7D73A-2DE9-4B12-A6FA-497808A05807}.Release|ARM.Build.0 = Release|Any CPU
		{78A7D73A-2DE9-4B12-A6FA-497808A05807}.Release|ARM.Deploy.0 = Release|Any CPU
		{78A7D73A-2DE9-4B12-A6FA-497808A05807}.Release|iPhone.ActiveCfg = Release|Any CPU
		{78A7D73A-2DE9-4B12-A6FA-497808A05807}.Release|iPhone.Build.0 = Release|Any CPU
		{78A7D73A-2DE9-4B12-A6FA-497808A05807}.Release|iPhone.Deploy.0 = Release|Any CPU
		{78A7D73A-2DE9-4B12-A6FA-497808A05807}.Release|iPhoneSimulator.ActiveCfg = Release|Any CPU
		{78A7D73A-2DE9-4B12-A6FA-497808A05807}.Release|iPhoneSimulator.Build.0 = Release|Any CPU
		{78A7D73A-2DE9-4B12-A6FA-497808A05807}.Release|iPhoneSimulator.Deploy.0 = Release|Any CPU
		{78A7D73A-2DE9-4B12-A6FA-497808A05807}.Release|x64.ActiveCfg = Release|Any CPU
		{78A7D73A-2DE9-4B12-A6FA-497808A05807}.Release|x64.Build.0 = Release|Any CPU
		{78A7D73A-2DE9-4B12-A6FA-497808A05807}.Release|x64.Deploy.0 = Release|Any CPU
		{78A7D73A-2DE9-4B12-A6FA-497808A05807}.Release|x86.ActiveCfg = Release|Any CPU
		{78A7D73A-2DE9-4B12-A6FA-497808A05807}.Release|x86.Build.0 = Release|Any CPU
		{78A7D73A-2DE9-4B12-A6FA-497808A05807}.Release|x86.Deploy.0 = Release|Any CPU
		{5995DA52-92D7-48BE-8CD4-2559286BE270}.Ad-Hoc|Any CPU.ActiveCfg = Release|Any CPU
		{5995DA52-92D7-48BE-8CD4-2559286BE270}.Ad-Hoc|Any CPU.Build.0 = Release|Any CPU
		{5995DA52-92D7-48BE-8CD4-2559286BE270}.Ad-Hoc|ARM.ActiveCfg = Release|Any CPU
		{5995DA52-92D7-48BE-8CD4-2559286BE270}.Ad-Hoc|ARM.Build.0 = Release|Any CPU
		{5995DA52-92D7-48BE-8CD4-2559286BE270}.Ad-Hoc|iPhone.ActiveCfg = Release|Any CPU
		{5995DA52-92D7-48BE-8CD4-2559286BE270}.Ad-Hoc|iPhone.Build.0 = Release|Any CPU
		{5995DA52-92D7-48BE-8CD4-2559286BE270}.Ad-Hoc|iPhoneSimulator.ActiveCfg = Release|Any CPU
		{5995DA52-92D7-48BE-8CD4-2559286BE270}.Ad-Hoc|iPhoneSimulator.Build.0 = Release|Any CPU
		{5995DA52-92D7-48BE-8CD4-2559286BE270}.Ad-Hoc|x64.ActiveCfg = Release|Any CPU
		{5995DA52-92D7-48BE-8CD4-2559286BE270}.Ad-Hoc|x64.Build.0 = Release|Any CPU
		{5995DA52-92D7-48BE-8CD4-2559286BE270}.Ad-Hoc|x86.ActiveCfg = Release|Any CPU
		{5995DA52-92D7-48BE-8CD4-2559286BE270}.Ad-Hoc|x86.Build.0 = Release|Any CPU
		{5995DA52-92D7-48BE-8CD4-2559286BE270}.AppStore|Any CPU.ActiveCfg = Release|Any CPU
		{5995DA52-92D7-48BE-8CD4-2559286BE270}.AppStore|Any CPU.Build.0 = Release|Any CPU
		{5995DA52-92D7-48BE-8CD4-2559286BE270}.AppStore|ARM.ActiveCfg = Release|Any CPU
		{5995DA52-92D7-48BE-8CD4-2559286BE270}.AppStore|ARM.Build.0 = Release|Any CPU
		{5995DA52-92D7-48BE-8CD4-2559286BE270}.AppStore|iPhone.ActiveCfg = Release|Any CPU
		{5995DA52-92D7-48BE-8CD4-2559286BE270}.AppStore|iPhone.Build.0 = Release|Any CPU
		{5995DA52-92D7-48BE-8CD4-2559286BE270}.AppStore|iPhoneSimulator.ActiveCfg = Release|Any CPU
		{5995DA52-92D7-48BE-8CD4-2559286BE270}.AppStore|iPhoneSimulator.Build.0 = Release|Any CPU
		{5995DA52-92D7-48BE-8CD4-2559286BE270}.AppStore|x64.ActiveCfg = Release|Any CPU
		{5995DA52-92D7-48BE-8CD4-2559286BE270}.AppStore|x64.Build.0 = Release|Any CPU
		{5995DA52-92D7-48BE-8CD4-2559286BE270}.AppStore|x86.ActiveCfg = Release|Any CPU
		{5995DA52-92D7-48BE-8CD4-2559286BE270}.AppStore|x86.Build.0 = Release|Any CPU
		{5995DA52-92D7-48BE-8CD4-2559286BE270}.Debug|Any CPU.ActiveCfg = Debug|Any CPU
		{5995DA52-92D7-48BE-8CD4-2559286BE270}.Debug|Any CPU.Build.0 = Debug|Any CPU
		{5995DA52-92D7-48BE-8CD4-2559286BE270}.Debug|ARM.ActiveCfg = Debug|Any CPU
		{5995DA52-92D7-48BE-8CD4-2559286BE270}.Debug|ARM.Build.0 = Debug|Any CPU
		{5995DA52-92D7-48BE-8CD4-2559286BE270}.Debug|iPhone.ActiveCfg = Debug|Any CPU
		{5995DA52-92D7-48BE-8CD4-2559286BE270}.Debug|iPhone.Build.0 = Debug|Any CPU
		{5995DA52-92D7-48BE-8CD4-2559286BE270}.Debug|iPhoneSimulator.ActiveCfg = Debug|Any CPU
		{5995DA52-92D7-48BE-8CD4-2559286BE270}.Debug|iPhoneSimulator.Build.0 = Debug|Any CPU
		{5995DA52-92D7-48BE-8CD4-2559286BE270}.Debug|x64.ActiveCfg = Debug|Any CPU
		{5995DA52-92D7-48BE-8CD4-2559286BE270}.Debug|x64.Build.0 = Debug|Any CPU
		{5995DA52-92D7-48BE-8CD4-2559286BE270}.Debug|x86.ActiveCfg = Debug|Any CPU
		{5995DA52-92D7-48BE-8CD4-2559286BE270}.Debug|x86.Build.0 = Debug|Any CPU
		{5995DA52-92D7-48BE-8CD4-2559286BE270}.Release|Any CPU.ActiveCfg = Release|Any CPU
		{5995DA52-92D7-48BE-8CD4-2559286BE270}.Release|Any CPU.Build.0 = Release|Any CPU
		{5995DA52-92D7-48BE-8CD4-2559286BE270}.Release|ARM.ActiveCfg = Release|Any CPU
		{5995DA52-92D7-48BE-8CD4-2559286BE270}.Release|ARM.Build.0 = Release|Any CPU
		{5995DA52-92D7-48BE-8CD4-2559286BE270}.Release|iPhone.ActiveCfg = Release|Any CPU
		{5995DA52-92D7-48BE-8CD4-2559286BE270}.Release|iPhone.Build.0 = Release|Any CPU
		{5995DA52-92D7-48BE-8CD4-2559286BE270}.Release|iPhoneSimulator.ActiveCfg = Release|Any CPU
		{5995DA52-92D7-48BE-8CD4-2559286BE270}.Release|iPhoneSimulator.Build.0 = Release|Any CPU
		{5995DA52-92D7-48BE-8CD4-2559286BE270}.Release|x64.ActiveCfg = Release|Any CPU
		{5995DA52-92D7-48BE-8CD4-2559286BE270}.Release|x64.Build.0 = Release|Any CPU
		{5995DA52-92D7-48BE-8CD4-2559286BE270}.Release|x86.ActiveCfg = Release|Any CPU
		{5995DA52-92D7-48BE-8CD4-2559286BE270}.Release|x86.Build.0 = Release|Any CPU
		{FE864282-2409-4BB0-B9E2-FB86701BC739}.Ad-Hoc|Any CPU.ActiveCfg = Release|Any CPU
		{FE864282-2409-4BB0-B9E2-FB86701BC739}.Ad-Hoc|Any CPU.Build.0 = Release|Any CPU
		{FE864282-2409-4BB0-B9E2-FB86701BC739}.Ad-Hoc|ARM.ActiveCfg = Release|Any CPU
		{FE864282-2409-4BB0-B9E2-FB86701BC739}.Ad-Hoc|ARM.Build.0 = Release|Any CPU
		{FE864282-2409-4BB0-B9E2-FB86701BC739}.Ad-Hoc|iPhone.ActiveCfg = Release|Any CPU
		{FE864282-2409-4BB0-B9E2-FB86701BC739}.Ad-Hoc|iPhone.Build.0 = Release|Any CPU
		{FE864282-2409-4BB0-B9E2-FB86701BC739}.Ad-Hoc|iPhoneSimulator.ActiveCfg = Release|Any CPU
		{FE864282-2409-4BB0-B9E2-FB86701BC739}.Ad-Hoc|iPhoneSimulator.Build.0 = Release|Any CPU
		{FE864282-2409-4BB0-B9E2-FB86701BC739}.Ad-Hoc|x64.ActiveCfg = Release|Any CPU
		{FE864282-2409-4BB0-B9E2-FB86701BC739}.Ad-Hoc|x64.Build.0 = Release|Any CPU
		{FE864282-2409-4BB0-B9E2-FB86701BC739}.Ad-Hoc|x86.ActiveCfg = Release|Any CPU
		{FE864282-2409-4BB0-B9E2-FB86701BC739}.Ad-Hoc|x86.Build.0 = Release|Any CPU
		{FE864282-2409-4BB0-B9E2-FB86701BC739}.AppStore|Any CPU.ActiveCfg = Release|Any CPU
		{FE864282-2409-4BB0-B9E2-FB86701BC739}.AppStore|Any CPU.Build.0 = Release|Any CPU
		{FE864282-2409-4BB0-B9E2-FB86701BC739}.AppStore|ARM.ActiveCfg = Release|Any CPU
		{FE864282-2409-4BB0-B9E2-FB86701BC739}.AppStore|ARM.Build.0 = Release|Any CPU
		{FE864282-2409-4BB0-B9E2-FB86701BC739}.AppStore|iPhone.ActiveCfg = Release|Any CPU
		{FE864282-2409-4BB0-B9E2-FB86701BC739}.AppStore|iPhone.Build.0 = Release|Any CPU
		{FE864282-2409-4BB0-B9E2-FB86701BC739}.AppStore|iPhoneSimulator.ActiveCfg = Release|Any CPU
		{FE864282-2409-4BB0-B9E2-FB86701BC739}.AppStore|iPhoneSimulator.Build.0 = Release|Any CPU
		{FE864282-2409-4BB0-B9E2-FB86701BC739}.AppStore|x64.ActiveCfg = Release|Any CPU
		{FE864282-2409-4BB0-B9E2-FB86701BC739}.AppStore|x64.Build.0 = Release|Any CPU
		{FE864282-2409-4BB0-B9E2-FB86701BC739}.AppStore|x86.ActiveCfg = Release|Any CPU
		{FE864282-2409-4BB0-B9E2-FB86701BC739}.AppStore|x86.Build.0 = Release|Any CPU
		{FE864282-2409-4BB0-B9E2-FB86701BC739}.Debug|Any CPU.ActiveCfg = Debug|Any CPU
		{FE864282-2409-4BB0-B9E2-FB86701BC739}.Debug|Any CPU.Build.0 = Debug|Any CPU
		{FE864282-2409-4BB0-B9E2-FB86701BC739}.Debug|ARM.ActiveCfg = Debug|Any CPU
		{FE864282-2409-4BB0-B9E2-FB86701BC739}.Debug|ARM.Build.0 = Debug|Any CPU
		{FE864282-2409-4BB0-B9E2-FB86701BC739}.Debug|iPhone.ActiveCfg = Debug|Any CPU
		{FE864282-2409-4BB0-B9E2-FB86701BC739}.Debug|iPhone.Build.0 = Debug|Any CPU
		{FE864282-2409-4BB0-B9E2-FB86701BC739}.Debug|iPhoneSimulator.ActiveCfg = Debug|Any CPU
		{FE864282-2409-4BB0-B9E2-FB86701BC739}.Debug|iPhoneSimulator.Build.0 = Debug|Any CPU
		{FE864282-2409-4BB0-B9E2-FB86701BC739}.Debug|x64.ActiveCfg = Debug|Any CPU
		{FE864282-2409-4BB0-B9E2-FB86701BC739}.Debug|x64.Build.0 = Debug|Any CPU
		{FE864282-2409-4BB0-B9E2-FB86701BC739}.Debug|x86.ActiveCfg = Debug|Any CPU
		{FE864282-2409-4BB0-B9E2-FB86701BC739}.Debug|x86.Build.0 = Debug|Any CPU
		{FE864282-2409-4BB0-B9E2-FB86701BC739}.Release|Any CPU.ActiveCfg = Release|Any CPU
		{FE864282-2409-4BB0-B9E2-FB86701BC739}.Release|Any CPU.Build.0 = Release|Any CPU
		{FE864282-2409-4BB0-B9E2-FB86701BC739}.Release|ARM.ActiveCfg = Release|Any CPU
		{FE864282-2409-4BB0-B9E2-FB86701BC739}.Release|ARM.Build.0 = Release|Any CPU
		{FE864282-2409-4BB0-B9E2-FB86701BC739}.Release|iPhone.ActiveCfg = Release|Any CPU
		{FE864282-2409-4BB0-B9E2-FB86701BC739}.Release|iPhone.Build.0 = Release|Any CPU
		{FE864282-2409-4BB0-B9E2-FB86701BC739}.Release|iPhoneSimulator.ActiveCfg = Release|Any CPU
		{FE864282-2409-4BB0-B9E2-FB86701BC739}.Release|iPhoneSimulator.Build.0 = Release|Any CPU
		{FE864282-2409-4BB0-B9E2-FB86701BC739}.Release|x64.ActiveCfg = Release|Any CPU
		{FE864282-2409-4BB0-B9E2-FB86701BC739}.Release|x64.Build.0 = Release|Any CPU
		{FE864282-2409-4BB0-B9E2-FB86701BC739}.Release|x86.ActiveCfg = Release|Any CPU
		{FE864282-2409-4BB0-B9E2-FB86701BC739}.Release|x86.Build.0 = Release|Any CPU
		{B0899943-1666-4382-AA76-3383C31B9885}.Ad-Hoc|Any CPU.ActiveCfg = Release|Any CPU
		{B0899943-1666-4382-AA76-3383C31B9885}.Ad-Hoc|Any CPU.Build.0 = Release|Any CPU
		{B0899943-1666-4382-AA76-3383C31B9885}.Ad-Hoc|ARM.ActiveCfg = Release|Any CPU
		{B0899943-1666-4382-AA76-3383C31B9885}.Ad-Hoc|ARM.Build.0 = Release|Any CPU
		{B0899943-1666-4382-AA76-3383C31B9885}.Ad-Hoc|iPhone.ActiveCfg = Release|Any CPU
		{B0899943-1666-4382-AA76-3383C31B9885}.Ad-Hoc|iPhone.Build.0 = Release|Any CPU
		{B0899943-1666-4382-AA76-3383C31B9885}.Ad-Hoc|iPhoneSimulator.ActiveCfg = Release|Any CPU
		{B0899943-1666-4382-AA76-3383C31B9885}.Ad-Hoc|iPhoneSimulator.Build.0 = Release|Any CPU
		{B0899943-1666-4382-AA76-3383C31B9885}.Ad-Hoc|x64.ActiveCfg = Release|Any CPU
		{B0899943-1666-4382-AA76-3383C31B9885}.Ad-Hoc|x64.Build.0 = Release|Any CPU
		{B0899943-1666-4382-AA76-3383C31B9885}.Ad-Hoc|x86.ActiveCfg = Release|Any CPU
		{B0899943-1666-4382-AA76-3383C31B9885}.Ad-Hoc|x86.Build.0 = Release|Any CPU
		{B0899943-1666-4382-AA76-3383C31B9885}.AppStore|Any CPU.ActiveCfg = Release|Any CPU
		{B0899943-1666-4382-AA76-3383C31B9885}.AppStore|Any CPU.Build.0 = Release|Any CPU
		{B0899943-1666-4382-AA76-3383C31B9885}.AppStore|ARM.ActiveCfg = Release|Any CPU
		{B0899943-1666-4382-AA76-3383C31B9885}.AppStore|ARM.Build.0 = Release|Any CPU
		{B0899943-1666-4382-AA76-3383C31B9885}.AppStore|iPhone.ActiveCfg = Release|Any CPU
		{B0899943-1666-4382-AA76-3383C31B9885}.AppStore|iPhone.Build.0 = Release|Any CPU
		{B0899943-1666-4382-AA76-3383C31B9885}.AppStore|iPhoneSimulator.ActiveCfg = Release|Any CPU
		{B0899943-1666-4382-AA76-3383C31B9885}.AppStore|iPhoneSimulator.Build.0 = Release|Any CPU
		{B0899943-1666-4382-AA76-3383C31B9885}.AppStore|x64.ActiveCfg = Release|Any CPU
		{B0899943-1666-4382-AA76-3383C31B9885}.AppStore|x64.Build.0 = Release|Any CPU
		{B0899943-1666-4382-AA76-3383C31B9885}.AppStore|x86.ActiveCfg = Release|Any CPU
		{B0899943-1666-4382-AA76-3383C31B9885}.AppStore|x86.Build.0 = Release|Any CPU
		{B0899943-1666-4382-AA76-3383C31B9885}.Debug|Any CPU.ActiveCfg = Debug|Any CPU
		{B0899943-1666-4382-AA76-3383C31B9885}.Debug|Any CPU.Build.0 = Debug|Any CPU
		{B0899943-1666-4382-AA76-3383C31B9885}.Debug|ARM.ActiveCfg = Debug|Any CPU
		{B0899943-1666-4382-AA76-3383C31B9885}.Debug|ARM.Build.0 = Debug|Any CPU
		{B0899943-1666-4382-AA76-3383C31B9885}.Debug|iPhone.ActiveCfg = Debug|Any CPU
		{B0899943-1666-4382-AA76-3383C31B9885}.Debug|iPhone.Build.0 = Debug|Any CPU
		{B0899943-1666-4382-AA76-3383C31B9885}.Debug|iPhoneSimulator.ActiveCfg = Debug|Any CPU
		{B0899943-1666-4382-AA76-3383C31B9885}.Debug|iPhoneSimulator.Build.0 = Debug|Any CPU
		{B0899943-1666-4382-AA76-3383C31B9885}.Debug|x64.ActiveCfg = Debug|Any CPU
		{B0899943-1666-4382-AA76-3383C31B9885}.Debug|x64.Build.0 = Debug|Any CPU
		{B0899943-1666-4382-AA76-3383C31B9885}.Debug|x86.ActiveCfg = Debug|Any CPU
		{B0899943-1666-4382-AA76-3383C31B9885}.Debug|x86.Build.0 = Debug|Any CPU
		{B0899943-1666-4382-AA76-3383C31B9885}.Release|Any CPU.ActiveCfg = Release|Any CPU
		{B0899943-1666-4382-AA76-3383C31B9885}.Release|Any CPU.Build.0 = Release|Any CPU
		{B0899943-1666-4382-AA76-3383C31B9885}.Release|ARM.ActiveCfg = Release|Any CPU
		{B0899943-1666-4382-AA76-3383C31B9885}.Release|ARM.Build.0 = Release|Any CPU
		{B0899943-1666-4382-AA76-3383C31B9885}.Release|iPhone.ActiveCfg = Release|Any CPU
		{B0899943-1666-4382-AA76-3383C31B9885}.Release|iPhone.Build.0 = Release|Any CPU
		{B0899943-1666-4382-AA76-3383C31B9885}.Release|iPhoneSimulator.ActiveCfg = Release|Any CPU
		{B0899943-1666-4382-AA76-3383C31B9885}.Release|iPhoneSimulator.Build.0 = Release|Any CPU
		{B0899943-1666-4382-AA76-3383C31B9885}.Release|x64.ActiveCfg = Release|Any CPU
		{B0899943-1666-4382-AA76-3383C31B9885}.Release|x64.Build.0 = Release|Any CPU
		{B0899943-1666-4382-AA76-3383C31B9885}.Release|x86.ActiveCfg = Release|Any CPU
		{B0899943-1666-4382-AA76-3383C31B9885}.Release|x86.Build.0 = Release|Any CPU
		{BE958018-60E9-4DCF-A809-739B9DDCDF6C}.Ad-Hoc|Any CPU.ActiveCfg = Release|Any CPU
		{BE958018-60E9-4DCF-A809-739B9DDCDF6C}.Ad-Hoc|Any CPU.Build.0 = Release|Any CPU
		{BE958018-60E9-4DCF-A809-739B9DDCDF6C}.Ad-Hoc|ARM.ActiveCfg = Release|Any CPU
		{BE958018-60E9-4DCF-A809-739B9DDCDF6C}.Ad-Hoc|ARM.Build.0 = Release|Any CPU
		{BE958018-60E9-4DCF-A809-739B9DDCDF6C}.Ad-Hoc|iPhone.ActiveCfg = Release|Any CPU
		{BE958018-60E9-4DCF-A809-739B9DDCDF6C}.Ad-Hoc|iPhone.Build.0 = Release|Any CPU
		{BE958018-60E9-4DCF-A809-739B9DDCDF6C}.Ad-Hoc|iPhoneSimulator.ActiveCfg = Release|Any CPU
		{BE958018-60E9-4DCF-A809-739B9DDCDF6C}.Ad-Hoc|iPhoneSimulator.Build.0 = Release|Any CPU
		{BE958018-60E9-4DCF-A809-739B9DDCDF6C}.Ad-Hoc|x64.ActiveCfg = Release|Any CPU
		{BE958018-60E9-4DCF-A809-739B9DDCDF6C}.Ad-Hoc|x64.Build.0 = Release|Any CPU
		{BE958018-60E9-4DCF-A809-739B9DDCDF6C}.Ad-Hoc|x86.ActiveCfg = Release|Any CPU
		{BE958018-60E9-4DCF-A809-739B9DDCDF6C}.Ad-Hoc|x86.Build.0 = Release|Any CPU
		{BE958018-60E9-4DCF-A809-739B9DDCDF6C}.AppStore|Any CPU.ActiveCfg = Release|Any CPU
		{BE958018-60E9-4DCF-A809-739B9DDCDF6C}.AppStore|Any CPU.Build.0 = Release|Any CPU
		{BE958018-60E9-4DCF-A809-739B9DDCDF6C}.AppStore|ARM.ActiveCfg = Release|Any CPU
		{BE958018-60E9-4DCF-A809-739B9DDCDF6C}.AppStore|ARM.Build.0 = Release|Any CPU
		{BE958018-60E9-4DCF-A809-739B9DDCDF6C}.AppStore|iPhone.ActiveCfg = Release|Any CPU
		{BE958018-60E9-4DCF-A809-739B9DDCDF6C}.AppStore|iPhone.Build.0 = Release|Any CPU
		{BE958018-60E9-4DCF-A809-739B9DDCDF6C}.AppStore|iPhoneSimulator.ActiveCfg = Release|Any CPU
		{BE958018-60E9-4DCF-A809-739B9DDCDF6C}.AppStore|iPhoneSimulator.Build.0 = Release|Any CPU
		{BE958018-60E9-4DCF-A809-739B9DDCDF6C}.AppStore|x64.ActiveCfg = Release|Any CPU
		{BE958018-60E9-4DCF-A809-739B9DDCDF6C}.AppStore|x64.Build.0 = Release|Any CPU
		{BE958018-60E9-4DCF-A809-739B9DDCDF6C}.AppStore|x86.ActiveCfg = Release|Any CPU
		{BE958018-60E9-4DCF-A809-739B9DDCDF6C}.AppStore|x86.Build.0 = Release|Any CPU
		{BE958018-60E9-4DCF-A809-739B9DDCDF6C}.Debug|Any CPU.ActiveCfg = Debug|Any CPU
		{BE958018-60E9-4DCF-A809-739B9DDCDF6C}.Debug|Any CPU.Build.0 = Debug|Any CPU
		{BE958018-60E9-4DCF-A809-739B9DDCDF6C}.Debug|ARM.ActiveCfg = Debug|Any CPU
		{BE958018-60E9-4DCF-A809-739B9DDCDF6C}.Debug|ARM.Build.0 = Debug|Any CPU
		{BE958018-60E9-4DCF-A809-739B9DDCDF6C}.Debug|iPhone.ActiveCfg = Debug|Any CPU
		{BE958018-60E9-4DCF-A809-739B9DDCDF6C}.Debug|iPhone.Build.0 = Debug|Any CPU
		{BE958018-60E9-4DCF-A809-739B9DDCDF6C}.Debug|iPhoneSimulator.ActiveCfg = Debug|Any CPU
		{BE958018-60E9-4DCF-A809-739B9DDCDF6C}.Debug|iPhoneSimulator.Build.0 = Debug|Any CPU
		{BE958018-60E9-4DCF-A809-739B9DDCDF6C}.Debug|x64.ActiveCfg = Debug|Any CPU
		{BE958018-60E9-4DCF-A809-739B9DDCDF6C}.Debug|x64.Build.0 = Debug|Any CPU
		{BE958018-60E9-4DCF-A809-739B9DDCDF6C}.Debug|x86.ActiveCfg = Debug|Any CPU
		{BE958018-60E9-4DCF-A809-739B9DDCDF6C}.Debug|x86.Build.0 = Debug|Any CPU
		{BE958018-60E9-4DCF-A809-739B9DDCDF6C}.Release|Any CPU.ActiveCfg = Release|Any CPU
		{BE958018-60E9-4DCF-A809-739B9DDCDF6C}.Release|Any CPU.Build.0 = Release|Any CPU
		{BE958018-60E9-4DCF-A809-739B9DDCDF6C}.Release|ARM.ActiveCfg = Release|Any CPU
		{BE958018-60E9-4DCF-A809-739B9DDCDF6C}.Release|ARM.Build.0 = Release|Any CPU
		{BE958018-60E9-4DCF-A809-739B9DDCDF6C}.Release|iPhone.ActiveCfg = Release|Any CPU
		{BE958018-60E9-4DCF-A809-739B9DDCDF6C}.Release|iPhone.Build.0 = Release|Any CPU
		{BE958018-60E9-4DCF-A809-739B9DDCDF6C}.Release|iPhoneSimulator.ActiveCfg = Release|Any CPU
		{BE958018-60E9-4DCF-A809-739B9DDCDF6C}.Release|iPhoneSimulator.Build.0 = Release|Any CPU
		{BE958018-60E9-4DCF-A809-739B9DDCDF6C}.Release|x64.ActiveCfg = Release|Any CPU
		{BE958018-60E9-4DCF-A809-739B9DDCDF6C}.Release|x64.Build.0 = Release|Any CPU
		{BE958018-60E9-4DCF-A809-739B9DDCDF6C}.Release|x86.ActiveCfg = Release|Any CPU
		{BE958018-60E9-4DCF-A809-739B9DDCDF6C}.Release|x86.Build.0 = Release|Any CPU
	EndGlobalSection
	GlobalSection(SolutionProperties) = preSolution
		HideSolutionNode = FALSE
	EndGlobalSection
	GlobalSection(ExtensibilityGlobals) = postSolution
		SolutionGuid = {ECDCB814-194D-4B7F-A1D0-DA3820AECCA7}
	EndGlobalSection
EndGlobal
